
Microsoft Visual Studio Solution File, Format Version 12.00
# Visual Studio Version 16
VisualStudioVersion = 16.0.30413.136
MinimumVisualStudioVersion = 10.0.40219.1
Project("{FAE04EC0-301F-11D3-BF4B-00C04F79EFBC}") = "IotConsoleApp", "IotConsoleApp\IotConsoleApp.csproj", "{F1F5C062-03AE-4E49-91C5-5E24C776CDF4}"
EndProject
Project("{FAE04EC0-301F-11D3-BF4B-00C04F79EFBC}") = "SharedLibrary", "SharedLibrary\SharedLibrary.csproj", "{7D53699D-3F3B-474C-8168-04A608AA8F29}"
EndProject
Global
	GlobalSection(SolutionConfigurationPlatforms) = preSolution
		Debug|Any CPU = Debug|Any CPU
		Release|Any CPU = Release|Any CPU
	EndGlobalSection
	GlobalSection(ProjectConfigurationPlatforms) = postSolution
		{F1F5C062-03AE-4E49-91C5-5E24C776CDF4}.Debug|Any CPU.ActiveCfg = Debug|Any CPU
		{F1F5C062-03AE-4E49-91C5-5E24C776CDF4}.Debug|Any CPU.Build.0 = Debug|Any CPU
		{F1F5C062-03AE-4E49-91C5-5E24C776CDF4}.Release|Any CPU.ActiveCfg = Release|Any CPU
		{F1F5C062-03AE-4E49-91C5-5E24C776CDF4}.Release|Any CPU.Build.0 = Release|Any CPU
		{7D53699D-3F3B-474C-8168-04A608AA8F29}.Debug|Any CPU.ActiveCfg = Debug|Any CPU
		{7D53699D-3F3B-474C-8168-04A608AA8F29}.Debug|Any CPU.Build.0 = Debug|Any CPU
		{7D53699D-3F3B-474C-8168-04A608AA8F29}.Release|Any CPU.ActiveCfg = Release|Any CPU
		{7D53699D-3F3B-474C-8168-04A608AA8F29}.Release|Any CPU.Build.0 = Release|Any CPU
	EndGlobalSection
	GlobalSection(SolutionProperties) = preSolution
		HideSolutionNode = FALSE
	EndGlobalSection
	GlobalSection(ExtensibilityGlobals) = postSolution
		SolutionGuid = {DCECA187-8EF2-47C6-BB06-31F9C3946BF4}
	EndGlobalSection
EndGlobal
